<?xml version="1.0" encoding="UTF-8" standalone="yes" ?>
<CodeBlocks_project_file>
	<FileVersion major="1" minor="6" />
	<Project>
		<Option title="ProyProg2" />
		<Option pch_mode="2" />
		<Option compiler="gcc" />
		<Build>
			<Target title="Debug">
				<Option output="bin/Debug/ProyProg2" prefix_auto="1" extension_auto="1" />
				<Option object_output="obj/Debug/" />
				<Option type="1" />
				<Option compiler="gcc" />
				<Compiler>
					<Add option="-g" />
				</Compiler>
			</Target>
			<Target title="Release">
				<Option output="bin/Release/ProyProg2" prefix_auto="1" extension_auto="1" />
				<Option object_output="obj/Release/" />
				<Option type="1" />
				<Option compiler="gcc" />
				<Compiler>
					<Add option="-O2" />
				</Compiler>
				<Linker>
					<Add option="-s" />
				</Linker>
			</Target>
		</Build>
		<Compiler>
			<Add option="-Wall" />
			<Add option="-fexceptions" />
		</Compiler>
		<Unit filename=".gitignore" />
		<Unit filename="ModuloHistorialVentas.cpp" />
		<Unit filename="ModuloHistorialVentas.h" />
		<Unit filename="ModuloInventario.cpp" />
		<Unit filename="ModuloInventario.h" />
		<Unit filename="ModuloPromociones.cpp" />
		<Unit filename="ModuloPromociones.h" />
		<Unit filename="ModuloReportes.cpp" />
		<Unit filename="ModuloReportes.h" />
		<Unit filename="ModuloVentas.cpp" />
		<Unit filename="ModuloVentas.h" />
		<Unit filename="ProyProg2.cbp" />
		<Unit filename="ProyProg2.depend" />
		<Unit filename="ProyProg2.layout" />
		<Unit filename="data/inventario.txt" />
		<Unit filename="data/promociones.txt" />
		<Unit filename="data/reportes.txt" />
		<Unit filename="data/ventas.txt" />
		<Unit filename="main.cpp" />
		<Unit filename="utils/FuncionesAuxiliares.cpp" />
		<Unit filename="utils/FuncionesAuxiliares.h" />
		<Extensions />
	</Project>
</CodeBlocks_project_file>
